
Microsoft Visual Studio Solution File, Format Version 12.00
# Visual Studio Version 16
VisualStudioVersion = 16.0.31424.327
MinimumVisualStudioVersion = 10.0.40219.1
Project("{FAE04EC0-301F-11D3-BF4B-00C04F79EFBC}") = "fakeLook-starter", "fakeLook-starter\fakeLook-starter.csproj", "{0C86C07A-3006-408B-8D87-BB931281E3C0}"
EndProject
Project("{FAE04EC0-301F-11D3-BF4B-00C04F79EFBC}") = "fakeLook-models", "fakeLook-models\fakeLook-models.csproj", "{809F3C35-FBC9-4CED-AB9B-C0B6DB5A1102}"
EndProject
Project("{FAE04EC0-301F-11D3-BF4B-00C04F79EFBC}") = "fakeLook-dal", "fakeLook-dal\fakeLook-dal.csproj", "{CAB7A985-1421-4CDC-BE05-CB123E90E127}"
EndProject
Global
	GlobalSection(SolutionConfigurationPlatforms) = preSolution
		Debug|Any CPU = Debug|Any CPU
		Release|Any CPU = Release|Any CPU
	EndGlobalSection
	GlobalSection(ProjectConfigurationPlatforms) = postSolution
		{0C86C07A-3006-408B-8D87-BB931281E3C0}.Debug|Any CPU.ActiveCfg = Debug|Any CPU
		{0C86C07A-3006-408B-8D87-BB931281E3C0}.Debug|Any CPU.Build.0 = Debug|Any CPU
		{0C86C07A-3006-408B-8D87-BB931281E3C0}.Release|Any CPU.ActiveCfg = Release|Any CPU
		{0C86C07A-3006-408B-8D87-BB931281E3C0}.Release|Any CPU.Build.0 = Release|Any CPU
		{809F3C35-FBC9-4CED-AB9B-C0B6DB5A1102}.Debug|Any CPU.ActiveCfg = Debug|Any CPU
		{809F3C35-FBC9-4CED-AB9B-C0B6DB5A1102}.Debug|Any CPU.Build.0 = Debug|Any CPU
		{809F3C35-FBC9-4CED-AB9B-C0B6DB5A1102}.Release|Any CPU.ActiveCfg = Release|Any CPU
		{809F3C35-FBC9-4CED-AB9B-C0B6DB5A1102}.Release|Any CPU.Build.0 = Release|Any CPU
		{CAB7A985-1421-4CDC-BE05-CB123E90E127}.Debug|Any CPU.ActiveCfg = Debug|Any CPU
		{CAB7A985-1421-4CDC-BE05-CB123E90E127}.Debug|Any CPU.Build.0 = Debug|Any CPU
		{CAB7A985-1421-4CDC-BE05-CB123E90E127}.Release|Any CPU.ActiveCfg = Release|Any CPU
		{CAB7A985-1421-4CDC-BE05-CB123E90E127}.Release|Any CPU.Build.0 = Release|Any CPU
	EndGlobalSection
	GlobalSection(SolutionProperties) = preSolution
		HideSolutionNode = FALSE
	EndGlobalSection
	GlobalSection(ExtensibilityGlobals) = postSolution
		SolutionGuid = {DFAE4313-61D8-4F4E-98FE-D2F205A2B34D}
	EndGlobalSection
EndGlobal
